{
  "name": "npm-proj-1666567570366-0.3226850856788439sB3tfK",
  "lockfileVersion": 2,
  "requires": true,
  "packages": {
    "": {
      "dependencies": {
        "@playwright/test": "^1.26.1"
      }
    },
    "node_modules/@playwright/test": {
      "version": "1.26.1",
      "resolved": "https://registry.npmjs.org/@playwright/test/-/test-1.26.1.tgz",
      "integrity": "sha512-bNxyZASVt2adSZ9gbD7NCydzcb5JaI0OR9hc7s+nmPeH604gwp0zp17NNpwXY4c8nvuBGQQ9oGDx72LE+cUWvw==",
      "dependencies": {
        "@types/node": "*",
        "playwright-core": "1.26.1"
      },
      "bin": {
        "playwright": "cli.js"
      },
      "engines": {
        "node": ">=14"
      }
    },
    "node_modules/@types/node": {
      "version": "18.11.4",
      "resolved": "https://registry.npmjs.org/@types/node/-/node-18.11.4.tgz",
      "integrity": "sha512-BxcJpBu8D3kv/GZkx/gSMz6VnTJREBj/4lbzYOQueUOELkt8WrO6zAcSPmp9uRPEW/d+lUO8QK0W2xnS1hEU0A=="
    },
    "node_modules/playwright-core": {
      "version": "1.26.1",
      "resolved": "https://registry.npmjs.org/playwright-core/-/playwright-core-1.26.1.tgz",
      "integrity": "sha512-hzFchhhxnEiPc4qVPs9q2ZR+5eKNifY2hQDHtg1HnTTUuphYCBP8ZRb2si+B1TR7BHirgXaPi48LIye5SgrLAA==",
      "bin": {
        "playwright": "cli.js"
      },
      "engines": {
        "node": ">=14"
      }
    }
  },
  "dependencies": {
    "@playwright/test": {
      "version": "1.26.1",
      "resolved": "https://registry.npmjs.org/@playwright/test/-/test-1.26.1.tgz",
      "integrity": "sha512-bNxyZASVt2adSZ9gbD7NCydzcb5JaI0OR9hc7s+nmPeH604gwp0zp17NNpwXY4c8nvuBGQQ9oGDx72LE+cUWvw==",
      "requires": {
        "@types/node": "*",
        "playwright-core": "1.26.1"
      }
    },
    "@types/node": {
      "version": "18.11.4",
      "resolved": "https://registry.npmjs.org/@types/node/-/node-18.11.4.tgz",
      "integrity": "sha512-BxcJpBu8D3kv/GZkx/gSMz6VnTJREBj/4lbzYOQueUOELkt8WrO6zAcSPmp9uRPEW/d+lUO8QK0W2xnS1hEU0A=="
    },
    "playwright-core": {
      "version": "1.26.1",
      "resolved": "https://registry.npmjs.org/playwright-core/-/playwright-core-1.26.1.tgz",
      "integrity": "sha512-hzFchhhxnEiPc4qVPs9q2ZR+5eKNifY2hQDHtg1HnTTUuphYCBP8ZRb2si+B1TR7BHirgXaPi48LIye5SgrLAA=="
    }
  }
}
